// !$*UTF8*$!
{
	archiveVersion = 1;
	classes = {
	};
	objectVersion = 50;
	objects = {

/* Begin PBXBuildFile section */
		9401FD7321C40558002B1759 /* LocationProviding.swift in Sources */ = {isa = PBXBuildFile; fileRef = 9401FD7221C40558002B1759 /* LocationProviding.swift */; };
		9401FD7521C4058B002B1759 /* Types.swift in Sources */ = {isa = PBXBuildFile; fileRef = 9401FD7421C4058B002B1759 /* Types.swift */; };
		9401FD7A21C40DFD002B1759 /* CLAuthorizationStatus+Convenience.swift in Sources */ = {isa = PBXBuildFile; fileRef = 9401FD7921C40DFD002B1759 /* CLAuthorizationStatus+Convenience.swift */; };
		9401FD7E21C4142D002B1759 /* ApplicationCoordinator.swift in Sources */ = {isa = PBXBuildFile; fileRef = 9401FD7C21C4142D002B1759 /* ApplicationCoordinator.swift */; };
		9401FD7F21C4142D002B1759 /* MapCoordinator.swift in Sources */ = {isa = PBXBuildFile; fileRef = 9401FD7D21C4142D002B1759 /* MapCoordinator.swift */; };
		9401FD8121C41445002B1759 /* Coordinator.swift in Sources */ = {isa = PBXBuildFile; fileRef = 9401FD8021C41445002B1759 /* Coordinator.swift */; };
		9401FD8421C414D6002B1759 /* MapControllerServices.swift in Sources */ = {isa = PBXBuildFile; fileRef = 9401FD8321C414D6002B1759 /* MapControllerServices.swift */; };
		9401FD8621C41585002B1759 /* UIKit+Convenience.swift in Sources */ = {isa = PBXBuildFile; fileRef = 9401FD8521C41585002B1759 /* UIKit+Convenience.swift */; };
		9447B9392191DABD000DAA1C /* AppDelegate.swift in Sources */ = {isa = PBXBuildFile; fileRef = 9447B9382191DABD000DAA1C /* AppDelegate.swift */; };
		9447B93B2191DABD000DAA1C /* MapViewController.swift in Sources */ = {isa = PBXBuildFile; fileRef = 9447B93A2191DABD000DAA1C /* MapViewController.swift */; };
		9447B93E2191DABD000DAA1C /* Main.storyboard in Resources */ = {isa = PBXBuildFile; fileRef = 9447B93C2191DABD000DAA1C /* Main.storyboard */; };
		9447B9412191DABD000DAA1C /* bumpy.xcdatamodeld in Sources */ = {isa = PBXBuildFile; fileRef = 9447B93F2191DABD000DAA1C /* bumpy.xcdatamodeld */; };
		9447B9432191DABF000DAA1C /* Assets.xcassets in Resources */ = {isa = PBXBuildFile; fileRef = 9447B9422191DABF000DAA1C /* Assets.xcassets */; };
		9447B9462191DABF000DAA1C /* LaunchScreen.storyboard in Resources */ = {isa = PBXBuildFile; fileRef = 9447B9442191DABF000DAA1C /* LaunchScreen.storyboard */; };
		9447B95F2191DED8000DAA1C /* MotionDataManager.swift in Sources */ = {isa = PBXBuildFile; fileRef = 9447B95E2191DED8000DAA1C /* MotionDataManager.swift */; };
		9447B9612191DEF9000DAA1C /* LocationProvider.swift in Sources */ = {isa = PBXBuildFile; fileRef = 9447B9602191DEF9000DAA1C /* LocationProvider.swift */; };
		944A0FE721B555F50038446C /* LocationFetcherType.swift in Sources */ = {isa = PBXBuildFile; fileRef = 944A0FE621B555F50038446C /* LocationFetcherType.swift */; };
		944A0FE921B556160038446C /* LocationFetcherDelegate.swift in Sources */ = {isa = PBXBuildFile; fileRef = 944A0FE821B556160038446C /* LocationFetcherDelegate.swift */; };
		948B603D21B2A3ED00CA2426 /* LocationProviderTest.swift in Sources */ = {isa = PBXBuildFile; fileRef = 948B603C21B2A3ED00CA2426 /* LocationProviderTest.swift */; };
		948B603F21B2AD7000CA2426 /* BumpyController.swift in Sources */ = {isa = PBXBuildFile; fileRef = 948B603E21B2AD7000CA2426 /* BumpyController.swift */; };
		948B604121B2B8FC00CA2426 /* Observable.swift in Sources */ = {isa = PBXBuildFile; fileRef = 948B604021B2B8FC00CA2426 /* Observable.swift */; };
		948B604421B2DB1900CA2426 /* CMDeviceMotion+Extra.swift in Sources */ = {isa = PBXBuildFile; fileRef = 948B604321B2DB1900CA2426 /* CMDeviceMotion+Extra.swift */; };
		94AF9F6C21C7B11300F35098 /* MockLocationFetcher.swift in Sources */ = {isa = PBXBuildFile; fileRef = 94AF9F6A21C7B0FC00F35098 /* MockLocationFetcher.swift */; };
		94AF9F6E21C7B22700F35098 /* LocationFetcherTest.swift in Sources */ = {isa = PBXBuildFile; fileRef = 94AF9F6D21C7B22700F35098 /* LocationFetcherTest.swift */; };
		94D424DD21C6DF9C00527B9C /* MotionDataManaging.swift in Sources */ = {isa = PBXBuildFile; fileRef = 94D424DC21C6DF9C00527B9C /* MotionDataManaging.swift */; };
		94D424DF21C6E43700527B9C /* MotionDataProvider.swift in Sources */ = {isa = PBXBuildFile; fileRef = 94D424DE21C6E43700527B9C /* MotionDataProvider.swift */; };
/* End PBXBuildFile section */

/* Begin PBXContainerItemProxy section */
		9447B94D2191DAC0000DAA1C /* PBXContainerItemProxy */ = {
			isa = PBXContainerItemProxy;
			containerPortal = 9447B92D2191DABD000DAA1C /* Project object */;
			proxyType = 1;
			remoteGlobalIDString = 9447B9342191DABD000DAA1C;
			remoteInfo = bumpy;
		};
/* End PBXContainerItemProxy section */

/* Begin PBXFileReference section */
		9401FD7221C40558002B1759 /* LocationProviding.swift */ = {isa = PBXFileReference; lastKnownFileType = sourcecode.swift; path = LocationProviding.swift; sourceTree = "<group>"; };
		9401FD7421C4058B002B1759 /* Types.swift */ = {isa = PBXFileReference; fileEncoding = 4; lastKnownFileType = sourcecode.swift; path = Types.swift; sourceTree = "<group>"; };
		9401FD7921C40DFD002B1759 /* CLAuthorizationStatus+Convenience.swift */ = {isa = PBXFileReference; fileEncoding = 4; lastKnownFileType = sourcecode.swift; path = "CLAuthorizationStatus+Convenience.swift"; sourceTree = "<group>"; };
		9401FD7C21C4142D002B1759 /* ApplicationCoordinator.swift */ = {isa = PBXFileReference; fileEncoding = 4; lastKnownFileType = sourcecode.swift; path = ApplicationCoordinator.swift; sourceTree = "<group>"; };
		9401FD7D21C4142D002B1759 /* MapCoordinator.swift */ = {isa = PBXFileReference; fileEncoding = 4; lastKnownFileType = sourcecode.swift; path = MapCoordinator.swift; sourceTree = "<group>"; };
		9401FD8021C41445002B1759 /* Coordinator.swift */ = {isa = PBXFileReference; fileEncoding = 4; lastKnownFileType = sourcecode.swift; path = Coordinator.swift; sourceTree = "<group>"; };
		9401FD8321C414D6002B1759 /* MapControllerServices.swift */ = {isa = PBXFileReference; lastKnownFileType = sourcecode.swift; path = MapControllerServices.swift; sourceTree = "<group>"; };
		9401FD8521C41585002B1759 /* UIKit+Convenience.swift */ = {isa = PBXFileReference; fileEncoding = 4; lastKnownFileType = sourcecode.swift; path = "UIKit+Convenience.swift"; sourceTree = "<group>"; };
		9447B9352191DABD000DAA1C /* bumpy.app */ = {isa = PBXFileReference; explicitFileType = wrapper.application; includeInIndex = 0; path = bumpy.app; sourceTree = BUILT_PRODUCTS_DIR; };
		9447B9382191DABD000DAA1C /* AppDelegate.swift */ = {isa = PBXFileReference; lastKnownFileType = sourcecode.swift; path = AppDelegate.swift; sourceTree = "<group>"; };
		9447B93A2191DABD000DAA1C /* MapViewController.swift */ = {isa = PBXFileReference; lastKnownFileType = sourcecode.swift; path = MapViewController.swift; sourceTree = "<group>"; };
		9447B93D2191DABD000DAA1C /* Base */ = {isa = PBXFileReference; lastKnownFileType = file.storyboard; name = Base; path = Base.lproj/Main.storyboard; sourceTree = "<group>"; };
		9447B9402191DABD000DAA1C /* bumpy.xcdatamodel */ = {isa = PBXFileReference; lastKnownFileType = wrapper.xcdatamodel; path = bumpy.xcdatamodel; sourceTree = "<group>"; };
		9447B9422191DABF000DAA1C /* Assets.xcassets */ = {isa = PBXFileReference; lastKnownFileType = folder.assetcatalog; path = Assets.xcassets; sourceTree = "<group>"; };
		9447B9452191DABF000DAA1C /* Base */ = {isa = PBXFileReference; lastKnownFileType = file.storyboard; name = Base; path = Base.lproj/LaunchScreen.storyboard; sourceTree = "<group>"; };
		9447B9472191DABF000DAA1C /* Info.plist */ = {isa = PBXFileReference; lastKnownFileType = text.plist.xml; path = Info.plist; sourceTree = "<group>"; };
		9447B94C2191DAC0000DAA1C /* bumpyTests.xctest */ = {isa = PBXFileReference; explicitFileType = wrapper.cfbundle; includeInIndex = 0; path = bumpyTests.xctest; sourceTree = BUILT_PRODUCTS_DIR; };
		9447B9522191DAC0000DAA1C /* Info.plist */ = {isa = PBXFileReference; lastKnownFileType = text.plist.xml; path = Info.plist; sourceTree = "<group>"; };
		9447B95E2191DED8000DAA1C /* MotionDataManager.swift */ = {isa = PBXFileReference; lastKnownFileType = sourcecode.swift; path = MotionDataManager.swift; sourceTree = "<group>"; };
		9447B9602191DEF9000DAA1C /* LocationProvider.swift */ = {isa = PBXFileReference; lastKnownFileType = sourcecode.swift; path = LocationProvider.swift; sourceTree = "<group>"; };
		944A0FE621B555F50038446C /* LocationFetcherType.swift */ = {isa = PBXFileReference; lastKnownFileType = sourcecode.swift; path = LocationFetcherType.swift; sourceTree = "<group>"; };
		944A0FE821B556160038446C /* LocationFetcherDelegate.swift */ = {isa = PBXFileReference; lastKnownFileType = sourcecode.swift; path = LocationFetcherDelegate.swift; sourceTree = "<group>"; };
		948B603B21B2A3ED00CA2426 /* bumpyTests-Bridging-Header.h */ = {isa = PBXFileReference; lastKnownFileType = sourcecode.c.h; path = "bumpyTests-Bridging-Header.h"; sourceTree = "<group>"; };
		948B603C21B2A3ED00CA2426 /* LocationProviderTest.swift */ = {isa = PBXFileReference; lastKnownFileType = sourcecode.swift; path = LocationProviderTest.swift; sourceTree = "<group>"; };
		948B603E21B2AD7000CA2426 /* BumpyController.swift */ = {isa = PBXFileReference; lastKnownFileType = sourcecode.swift; path = BumpyController.swift; sourceTree = "<group>"; };
		948B604021B2B8FC00CA2426 /* Observable.swift */ = {isa = PBXFileReference; lastKnownFileType = sourcecode.swift; path = Observable.swift; sourceTree = "<group>"; };
		948B604321B2DB1900CA2426 /* CMDeviceMotion+Extra.swift */ = {isa = PBXFileReference; lastKnownFileType = sourcecode.swift; path = "CMDeviceMotion+Extra.swift"; sourceTree = "<group>"; };
		94AF9F6A21C7B0FC00F35098 /* MockLocationFetcher.swift */ = {isa = PBXFileReference; lastKnownFileType = sourcecode.swift; path = MockLocationFetcher.swift; sourceTree = "<group>"; };
		94AF9F6D21C7B22700F35098 /* LocationFetcherTest.swift */ = {isa = PBXFileReference; lastKnownFileType = sourcecode.swift; path = LocationFetcherTest.swift; sourceTree = "<group>"; };
		94D424DC21C6DF9C00527B9C /* MotionDataManaging.swift */ = {isa = PBXFileReference; lastKnownFileType = sourcecode.swift; path = MotionDataManaging.swift; sourceTree = "<group>"; };
		94D424DE21C6E43700527B9C /* MotionDataProvider.swift */ = {isa = PBXFileReference; lastKnownFileType = sourcecode.swift; path = MotionDataProvider.swift; sourceTree = "<group>"; };
/* End PBXFileReference section */

/* Begin PBXFrameworksBuildPhase section */
		9447B9322191DABD000DAA1C /* Frameworks */ = {
			isa = PBXFrameworksBuildPhase;
			buildActionMask = 2147483647;
			files = (
			);
			runOnlyForDeploymentPostprocessing = 0;
		};
		9447B9492191DABF000DAA1C /* Frameworks */ = {
			isa = PBXFrameworksBuildPhase;
			buildActionMask = 2147483647;
			files = (
			);
			runOnlyForDeploymentPostprocessing = 0;
		};
/* End PBXFrameworksBuildPhase section */

/* Begin PBXGroup section */
		9401FD7B21C4142D002B1759 /* Coordinator */ = {
			isa = PBXGroup;
			children = (
				9401FD8021C41445002B1759 /* Coordinator.swift */,
				9401FD7C21C4142D002B1759 /* ApplicationCoordinator.swift */,
				9401FD7D21C4142D002B1759 /* MapCoordinator.swift */,
			);
			path = Coordinator;
			sourceTree = "<group>";
		};
		9401FD8221C414C7002B1759 /* Services */ = {
			isa = PBXGroup;
			children = (
				9401FD8321C414D6002B1759 /* MapControllerServices.swift */,
			);
			path = Services;
			sourceTree = "<group>";
		};
		9401FD8721C41946002B1759 /* ViewController */ = {
			isa = PBXGroup;
			children = (
				9447B93A2191DABD000DAA1C /* MapViewController.swift */,
			);
			path = ViewController;
			sourceTree = "<group>";
		};
		9401FD8821C42080002B1759 /* Models */ = {
			isa = PBXGroup;
			children = (
				948B604021B2B8FC00CA2426 /* Observable.swift */,
			);
			path = Models;
			sourceTree = "<group>";
		};
		9447B92C2191DABD000DAA1C = {
			isa = PBXGroup;
			children = (
				9447B9372191DABD000DAA1C /* Sources */,
				9447B94F2191DAC0000DAA1C /* Tests */,
				9447B9362191DABD000DAA1C /* Products */,
			);
			sourceTree = "<group>";
		};
		9447B9362191DABD000DAA1C /* Products */ = {
			isa = PBXGroup;
			children = (
				9447B9352191DABD000DAA1C /* bumpy.app */,
				9447B94C2191DAC0000DAA1C /* bumpyTests.xctest */,
			);
			name = Products;
			sourceTree = "<group>";
		};
		9447B9372191DABD000DAA1C /* Sources */ = {
			isa = PBXGroup;
			children = (
				9447B9382191DABD000DAA1C /* AppDelegate.swift */,
				9401FD8721C41946002B1759 /* ViewController */,
				9401FD8821C42080002B1759 /* Models */,
				9447B93F2191DABD000DAA1C /* bumpy.xcdatamodeld */,
				9447B95D2191DEC3000DAA1C /* Components */,
				948B604221B2DAE500CA2426 /* Extensions */,
				9447B95C2191DCF3000DAA1C /* Resources */,
				9447B95B2191DC00000DAA1C /* Storyboards */,
			);
			path = Sources;
			sourceTree = "<group>";
		};
		9447B94F2191DAC0000DAA1C /* Tests */ = {
			isa = PBXGroup;
			children = (
				9447B9522191DAC0000DAA1C /* Info.plist */,
				948B603B21B2A3ED00CA2426 /* bumpyTests-Bridging-Header.h */,
				94AF9F6A21C7B0FC00F35098 /* MockLocationFetcher.swift */,
				948B603C21B2A3ED00CA2426 /* LocationProviderTest.swift */,
				94AF9F6D21C7B22700F35098 /* LocationFetcherTest.swift */,
			);
			path = Tests;
			sourceTree = "<group>";
		};
		9447B95B2191DC00000DAA1C /* Storyboards */ = {
			isa = PBXGroup;
			children = (
				9447B93C2191DABD000DAA1C /* Main.storyboard */,
				9447B9442191DABF000DAA1C /* LaunchScreen.storyboard */,
			);
			path = Storyboards;
			sourceTree = "<group>";
		};
		9447B95C2191DCF3000DAA1C /* Resources */ = {
			isa = PBXGroup;
			children = (
				9447B9422191DABF000DAA1C /* Assets.xcassets */,
				9447B9472191DABF000DAA1C /* Info.plist */,
			);
			path = Resources;
			sourceTree = "<group>";
		};
		9447B95D2191DEC3000DAA1C /* Components */ = {
			isa = PBXGroup;
			children = (
				948B603E21B2AD7000CA2426 /* BumpyController.swift */,
				9401FD7B21C4142D002B1759 /* Coordinator */,
				9401FD8221C414C7002B1759 /* Services */,
				948B603A21B2A3AA00CA2426 /* Motion */,
				948B603721B2A2E700CA2426 /* Location */,
			);
			path = Components;
			sourceTree = "<group>";
		};
		948B603721B2A2E700CA2426 /* Location */ = {
			isa = PBXGroup;
			children = (
				9401FD7421C4058B002B1759 /* Types.swift */,
				9401FD7221C40558002B1759 /* LocationProviding.swift */,
				9447B9602191DEF9000DAA1C /* LocationProvider.swift */,
				944A0FE621B555F50038446C /* LocationFetcherType.swift */,
				944A0FE821B556160038446C /* LocationFetcherDelegate.swift */,
			);
			path = Location;
			sourceTree = "<group>";
		};
		948B603A21B2A3AA00CA2426 /* Motion */ = {
			isa = PBXGroup;
			children = (
				94D424DE21C6E43700527B9C /* MotionDataProvider.swift */,
				9447B95E2191DED8000DAA1C /* MotionDataManager.swift */,
				94D424DC21C6DF9C00527B9C /* MotionDataManaging.swift */,
			);
			path = Motion;
			sourceTree = "<group>";
		};
		948B604221B2DAE500CA2426 /* Extensions */ = {
			isa = PBXGroup;
			children = (
				9401FD8521C41585002B1759 /* UIKit+Convenience.swift */,
				9401FD7921C40DFD002B1759 /* CLAuthorizationStatus+Convenience.swift */,
				948B604321B2DB1900CA2426 /* CMDeviceMotion+Extra.swift */,
			);
			path = Extensions;
			sourceTree = "<group>";
		};
/* End PBXGroup section */

/* Begin PBXNativeTarget section */
		9447B9342191DABD000DAA1C /* bumpy */ = {
			isa = PBXNativeTarget;
			buildConfigurationList = 9447B9552191DAC0000DAA1C /* Build configuration list for PBXNativeTarget "bumpy" */;
			buildPhases = (
				9447B9312191DABD000DAA1C /* Sources */,
				9447B9322191DABD000DAA1C /* Frameworks */,
				9447B9332191DABD000DAA1C /* Resources */,
			);
			buildRules = (
			);
			dependencies = (
			);
			name = bumpy;
			productName = bumpy;
			productReference = 9447B9352191DABD000DAA1C /* bumpy.app */;
			productType = "com.apple.product-type.application";
		};
		9447B94B2191DABF000DAA1C /* bumpyTests */ = {
			isa = PBXNativeTarget;
			buildConfigurationList = 9447B9582191DAC0000DAA1C /* Build configuration list for PBXNativeTarget "bumpyTests" */;
			buildPhases = (
				9447B9482191DABF000DAA1C /* Sources */,
				9447B9492191DABF000DAA1C /* Frameworks */,
				9447B94A2191DABF000DAA1C /* Resources */,
			);
			buildRules = (
			);
			dependencies = (
				9447B94E2191DAC0000DAA1C /* PBXTargetDependency */,
			);
			name = bumpyTests;
			productName = bumpyTests;
			productReference = 9447B94C2191DAC0000DAA1C /* bumpyTests.xctest */;
			productType = "com.apple.product-type.bundle.unit-test";
		};
/* End PBXNativeTarget section */

/* Begin PBXProject section */
		9447B92D2191DABD000DAA1C /* Project object */ = {
			isa = PBXProject;
			attributes = {
				LastSwiftUpdateCheck = 1010;
				LastUpgradeCheck = 1010;
				ORGANIZATIONNAME = mbnz;
				TargetAttributes = {
					9447B9342191DABD000DAA1C = {
						CreatedOnToolsVersion = 10.1;
						SystemCapabilities = {
							com.apple.BackgroundModes = {
								enabled = 1;
							};
						};
					};
					9447B94B2191DABF000DAA1C = {
						CreatedOnToolsVersion = 10.1;
						LastSwiftMigration = 1010;
						TestTargetID = 9447B9342191DABD000DAA1C;
					};
				};
			};
			buildConfigurationList = 9447B9302191DABD000DAA1C /* Build configuration list for PBXProject "bumpy" */;
			compatibilityVersion = "Xcode 9.3";
			developmentRegion = en;
			hasScannedForEncodings = 0;
			knownRegions = (
				en,
				Base,
			);
			mainGroup = 9447B92C2191DABD000DAA1C;
			productRefGroup = 9447B9362191DABD000DAA1C /* Products */;
			projectDirPath = "";
			projectRoot = "";
			targets = (
				9447B9342191DABD000DAA1C /* bumpy */,
				9447B94B2191DABF000DAA1C /* bumpyTests */,
			);
		};
/* End PBXProject section */

/* Begin PBXResourcesBuildPhase section */
		9447B9332191DABD000DAA1C /* Resources */ = {
			isa = PBXResourcesBuildPhase;
			buildActionMask = 2147483647;
			files = (
				9447B9462191DABF000DAA1C /* LaunchScreen.storyboard in Resources */,
				9447B9432191DABF000DAA1C /* Assets.xcassets in Resources */,
				9447B93E2191DABD000DAA1C /* Main.storyboard in Resources */,
			);
			runOnlyForDeploymentPostprocessing = 0;
		};
		9447B94A2191DABF000DAA1C /* Resources */ = {
			isa = PBXResourcesBuildPhase;
			buildActionMask = 2147483647;
			files = (
			);
			runOnlyForDeploymentPostprocessing = 0;
		};
/* End PBXResourcesBuildPhase section */

/* Begin PBXSourcesBuildPhase section */
		9447B9312191DABD000DAA1C /* Sources */ = {
			isa = PBXSourcesBuildPhase;
			buildActionMask = 2147483647;
			files = (
				94D424DD21C6DF9C00527B9C /* MotionDataManaging.swift in Sources */,
				9401FD8121C41445002B1759 /* Coordinator.swift in Sources */,
				944A0FE721B555F50038446C /* LocationFetcherType.swift in Sources */,
				948B604121B2B8FC00CA2426 /* Observable.swift in Sources */,
				9401FD7321C40558002B1759 /* LocationProviding.swift in Sources */,
				9401FD7F21C4142D002B1759 /* MapCoordinator.swift in Sources */,
				9401FD7521C4058B002B1759 /* Types.swift in Sources */,
				9447B93B2191DABD000DAA1C /* MapViewController.swift in Sources */,
				9447B95F2191DED8000DAA1C /* MotionDataManager.swift in Sources */,
				944A0FE921B556160038446C /* LocationFetcherDelegate.swift in Sources */,
				948B603F21B2AD7000CA2426 /* BumpyController.swift in Sources */,
				9401FD8621C41585002B1759 /* UIKit+Convenience.swift in Sources */,
				9447B9612191DEF9000DAA1C /* LocationProvider.swift in Sources */,
				9401FD7A21C40DFD002B1759 /* CLAuthorizationStatus+Convenience.swift in Sources */,
				9401FD8421C414D6002B1759 /* MapControllerServices.swift in Sources */,
				948B604421B2DB1900CA2426 /* CMDeviceMotion+Extra.swift in Sources */,
				9447B9412191DABD000DAA1C /* bumpy.xcdatamodeld in Sources */,
				9447B9392191DABD000DAA1C /* AppDelegate.swift in Sources */,
				94D424DF21C6E43700527B9C /* MotionDataProvider.swift in Sources */,
				9401FD7E21C4142D002B1759 /* ApplicationCoordinator.swift in Sources */,
			);
			runOnlyForDeploymentPostprocessing = 0;
		};
		9447B9482191DABF000DAA1C /* Sources */ = {
			isa = PBXSourcesBuildPhase;
			buildActionMask = 2147483647;
			files = (
				94AF9F6C21C7B11300F35098 /* MockLocationFetcher.swift in Sources */,
				948B603D21B2A3ED00CA2426 /* LocationProviderTest.swift in Sources */,
				94AF9F6E21C7B22700F35098 /* LocationFetcherTest.swift in Sources */,
			);
			runOnlyForDeploymentPostprocessing = 0;
		};
/* End PBXSourcesBuildPhase section */

/* Begin PBXTargetDependency section */
		9447B94E2191DAC0000DAA1C /* PBXTargetDependency */ = {
			isa = PBXTargetDependency;
			target = 9447B9342191DABD000DAA1C /* bumpy */;
			targetProxy = 9447B94D2191DAC0000DAA1C /* PBXContainerItemProxy */;
		};
/* End PBXTargetDependency section */

/* Begin PBXVariantGroup section */
		9447B93C2191DABD000DAA1C /* Main.storyboard */ = {
			isa = PBXVariantGroup;
			children = (
				9447B93D2191DABD000DAA1C /* Base */,
			);
			name = Main.storyboard;
			sourceTree = "<group>";
		};
		9447B9442191DABF000DAA1C /* LaunchScreen.storyboard */ = {
			isa = PBXVariantGroup;
			children = (
				9447B9452191DABF000DAA1C /* Base */,
			);
			name = LaunchScreen.storyboard;
			sourceTree = "<group>";
		};
/* End PBXVariantGroup section */

/* Begin XCBuildConfiguration section */
		9447B9532191DAC0000DAA1C /* Debug */ = {
			isa = XCBuildConfiguration;
			buildSettings = {
				ALWAYS_SEARCH_USER_PATHS = NO;
				CLANG_ANALYZER_NONNULL = YES;
				CLANG_ANALYZER_NUMBER_OBJECT_CONVERSION = YES_AGGRESSIVE;
				CLANG_CXX_LANGUAGE_STANDARD = "gnu++14";
				CLANG_CXX_LIBRARY = "libc++";
				CLANG_ENABLE_MODULES = YES;
				CLANG_ENABLE_OBJC_ARC = YES;
				CLANG_ENABLE_OBJC_WEAK = YES;
				CLANG_WARN_BLOCK_CAPTURE_AUTORELEASING = YES;
				CLANG_WARN_BOOL_CONVERSION = YES;
				CLANG_WARN_COMMA = YES;
				CLANG_WARN_CONSTANT_CONVERSION = YES;
				CLANG_WARN_DEPRECATED_OBJC_IMPLEMENTATIONS = YES;
				CLANG_WARN_DIRECT_OBJC_ISA_USAGE = YES_ERROR;
				CLANG_WARN_DOCUMENTATION_COMMENTS = YES;
				CLANG_WARN_EMPTY_BODY = YES;
				CLANG_WARN_ENUM_CONVERSION = YES;
				CLANG_WARN_INFINITE_RECURSION = YES;
				CLANG_WARN_INT_CONVERSION = YES;
				CLANG_WARN_NON_LITERAL_NULL_CONVERSION = YES;
				CLANG_WARN_OBJC_IMPLICIT_RETAIN_SELF = YES;
				CLANG_WARN_OBJC_LITERAL_CONVERSION = YES;
				CLANG_WARN_OBJC_ROOT_CLASS = YES_ERROR;
				CLANG_WARN_RANGE_LOOP_ANALYSIS = YES;
				CLANG_WARN_STRICT_PROTOTYPES = YES;
				CLANG_WARN_SUSPICIOUS_MOVE = YES;
				CLANG_WARN_UNGUARDED_AVAILABILITY = YES_AGGRESSIVE;
				CLANG_WARN_UNREACHABLE_CODE = YES;
				CLANG_WARN__DUPLICATE_METHOD_MATCH = YES;
				CODE_SIGN_IDENTITY = "iPhone Developer";
				COPY_PHASE_STRIP = NO;
				DEBUG_INFORMATION_FORMAT = dwarf;
				ENABLE_STRICT_OBJC_MSGSEND = YES;
				ENABLE_TESTABILITY = YES;
				GCC_C_LANGUAGE_STANDARD = gnu11;
				GCC_DYNAMIC_NO_PIC = NO;
				GCC_NO_COMMON_BLOCKS = YES;
				GCC_OPTIMIZATION_LEVEL = 0;
				GCC_PREPROCESSOR_DEFINITIONS = (
					"DEBUG=1",
					"$(inherited)",
				);
				GCC_WARN_64_TO_32_BIT_CONVERSION = YES;
				GCC_WARN_ABOUT_RETURN_TYPE = YES_ERROR;
				GCC_WARN_UNDECLARED_SELECTOR = YES;
				GCC_WARN_UNINITIALIZED_AUTOS = YES_AGGRESSIVE;
				GCC_WARN_UNUSED_FUNCTION = YES;
				GCC_WARN_UNUSED_VARIABLE = YES;
				IPHONEOS_DEPLOYMENT_TARGET = 11.0;
				MTL_ENABLE_DEBUG_INFO = INCLUDE_SOURCE;
				MTL_FAST_MATH = YES;
				ONLY_ACTIVE_ARCH = YES;
				SDKROOT = iphoneos;
				SWIFT_ACTIVE_COMPILATION_CONDITIONS = DEBUG;
				SWIFT_OPTIMIZATION_LEVEL = "-Onone";
			};
			name = Debug;
		};
		9447B9542191DAC0000DAA1C /* Release */ = {
			isa = XCBuildConfiguration;
			buildSettings = {
				ALWAYS_SEARCH_USER_PATHS = NO;
				CLANG_ANALYZER_NONNULL = YES;
				CLANG_ANALYZER_NUMBER_OBJECT_CONVERSION = YES_AGGRESSIVE;
				CLANG_CXX_LANGUAGE_STANDARD = "gnu++14";
				CLANG_CXX_LIBRARY = "libc++";
				CLANG_ENABLE_MODULES = YES;
				CLANG_ENABLE_OBJC_ARC = YES;
				CLANG_ENABLE_OBJC_WEAK = YES;
				CLANG_WARN_BLOCK_CAPTURE_AUTORELEASING = YES;
				CLANG_WARN_BOOL_CONVERSION = YES;
				CLANG_WARN_COMMA = YES;
				CLANG_WARN_CONSTANT_CONVERSION = YES;
				CLANG_WARN_DEPRECATED_OBJC_IMPLEMENTATIONS = YES;
				CLANG_WARN_DIRECT_OBJC_ISA_USAGE = YES_ERROR;
				CLANG_WARN_DOCUMENTATION_COMMENTS = YES;
				CLANG_WARN_EMPTY_BODY = YES;
				CLANG_WARN_ENUM_CONVERSION = YES;
				CLANG_WARN_INFINITE_RECURSION = YES;
				CLANG_WARN_INT_CONVERSION = YES;
				CLANG_WARN_NON_LITERAL_NULL_CONVERSION = YES;
				CLANG_WARN_OBJC_IMPLICIT_RETAIN_SELF = YES;
				CLANG_WARN_OBJC_LITERAL_CONVERSION = YES;
				CLANG_WARN_OBJC_ROOT_CLASS = YES_ERROR;
				CLANG_WARN_RANGE_LOOP_ANALYSIS = YES;
				CLANG_WARN_STRICT_PROTOTYPES = YES;
				CLANG_WARN_SUSPICIOUS_MOVE = YES;
				CLANG_WARN_UNGUARDED_AVAILABILITY = YES_AGGRESSIVE;
				CLANG_WARN_UNREACHABLE_CODE = YES;
				CLANG_WARN__DUPLICATE_METHOD_MATCH = YES;
				CODE_SIGN_IDENTITY = "iPhone Developer";
				COPY_PHASE_STRIP = NO;
				DEBUG_INFORMATION_FORMAT = "dwarf-with-dsym";
				ENABLE_NS_ASSERTIONS = NO;
				ENABLE_STRICT_OBJC_MSGSEND = YES;
				GCC_C_LANGUAGE_STANDARD = gnu11;
				GCC_NO_COMMON_BLOCKS = YES;
				GCC_WARN_64_TO_32_BIT_CONVERSION = YES;
				GCC_WARN_ABOUT_RETURN_TYPE = YES_ERROR;
				GCC_WARN_UNDECLARED_SELECTOR = YES;
				GCC_WARN_UNINITIALIZED_AUTOS = YES_AGGRESSIVE;
				GCC_WARN_UNUSED_FUNCTION = YES;
				GCC_WARN_UNUSED_VARIABLE = YES;
				IPHONEOS_DEPLOYMENT_TARGET = 11.0;
				MTL_ENABLE_DEBUG_INFO = NO;
				MTL_FAST_MATH = YES;
				SDKROOT = iphoneos;
				SWIFT_COMPILATION_MODE = wholemodule;
				SWIFT_OPTIMIZATION_LEVEL = "-O";
				VALIDATE_PRODUCT = YES;
			};
			name = Release;
		};
		9447B9562191DAC0000DAA1C /* Debug */ = {
			isa = XCBuildConfiguration;
			buildSettings = {
				ASSETCATALOG_COMPILER_APPICON_NAME = AppIcon;
				CODE_SIGN_STYLE = Automatic;
				DEVELOPMENT_TEAM = QDDL89SBZ7;
				INFOPLIST_FILE = "$(SRCROOT)/Sources/Resources/Info.plist";
				LD_RUNPATH_SEARCH_PATHS = (
					"$(inherited)",
					"@executable_path/Frameworks",
				);
				PRODUCT_BUNDLE_IDENTIFIER = de.mbnz.bumpy;
				PRODUCT_NAME = "$(TARGET_NAME)";
				SWIFT_VERSION = 4.2;
				TARGETED_DEVICE_FAMILY = "1,2";
			};
			name = Debug;
		};
		9447B9572191DAC0000DAA1C /* Release */ = {
			isa = XCBuildConfiguration;
			buildSettings = {
				ASSETCATALOG_COMPILER_APPICON_NAME = AppIcon;
				CODE_SIGN_STYLE = Automatic;
				DEVELOPMENT_TEAM = QDDL89SBZ7;
				INFOPLIST_FILE = "$(SRCROOT)/Sources/Resources/Info.plist";
				LD_RUNPATH_SEARCH_PATHS = (
					"$(inherited)",
					"@executable_path/Frameworks",
				);
				PRODUCT_BUNDLE_IDENTIFIER = de.mbnz.bumpy;
				PRODUCT_NAME = "$(TARGET_NAME)";
				SWIFT_VERSION = 4.2;
				TARGETED_DEVICE_FAMILY = "1,2";
			};
			name = Release;
		};
		9447B9592191DAC0000DAA1C /* Debug */ = {
			isa = XCBuildConfiguration;
			buildSettings = {
				ALWAYS_EMBED_SWIFT_STANDARD_LIBRARIES = YES;
				BUNDLE_LOADER = "$(TEST_HOST)";
				CLANG_ENABLE_MODULES = YES;
				CODE_SIGN_STYLE = Automatic;
				DEVELOPMENT_TEAM = QDDL89SBZ7;
				INFOPLIST_FILE = Tests/Info.plist;
				LD_RUNPATH_SEARCH_PATHS = (
					"$(inherited)",
					"@executable_path/Frameworks",
					"@loader_path/Frameworks",
				);
				PRODUCT_BUNDLE_IDENTIFIER = de.mbnz.bumpyTests;
				PRODUCT_NAME = "$(TARGET_NAME)";
				SWIFT_OBJC_BRIDGING_HEADER = "Tests/bumpyTests-Bridging-Header.h";
				SWIFT_OPTIMIZATION_LEVEL = "-Onone";
				SWIFT_VERSION = 4.2;
				TARGETED_DEVICE_FAMILY = "1,2";
				TEST_HOST = "$(BUILT_PRODUCTS_DIR)/bumpy.app/bumpy";
			};
			name = Debug;
		};
		9447B95A2191DAC0000DAA1C /* Release */ = {
			isa = XCBuildConfiguration;
			buildSettings = {
				ALWAYS_EMBED_SWIFT_STANDARD_LIBRARIES = YES;
				BUNDLE_LOADER = "$(TEST_HOST)";
				CLANG_ENABLE_MODULES = YES;
				CODE_SIGN_STYLE = Automatic;
				DEVELOPMENT_TEAM = QDDL89SBZ7;
				INFOPLIST_FILE = Tests/Info.plist;
				LD_RUNPATH_SEARCH_PATHS = (
					"$(inherited)",
					"@executable_path/Frameworks",
					"@loader_path/Frameworks",
				);
				PRODUCT_BUNDLE_IDENTIFIER = de.mbnz.bumpyTests;
				PRODUCT_NAME = "$(TARGET_NAME)";
				SWIFT_OBJC_BRIDGING_HEADER = "Tests/bumpyTests-Bridging-Header.h";
				SWIFT_VERSION = 4.2;
				TARGETED_DEVICE_FAMILY = "1,2";
				TEST_HOST = "$(BUILT_PRODUCTS_DIR)/bumpy.app/bumpy";
			};
			name = Release;
		};
/* End XCBuildConfiguration section */

/* Begin XCConfigurationList section */
		9447B9302191DABD000DAA1C /* Build configuration list for PBXProject "bumpy" */ = {
			isa = XCConfigurationList;
			buildConfigurations = (
				9447B9532191DAC0000DAA1C /* Debug */,
				9447B9542191DAC0000DAA1C /* Release */,
			);
			defaultConfigurationIsVisible = 0;
			defaultConfigurationName = Release;
		};
		9447B9552191DAC0000DAA1C /* Build configuration list for PBXNativeTarget "bumpy" */ = {
			isa = XCConfigurationList;
			buildConfigurations = (
				9447B9562191DAC0000DAA1C /* Debug */,
				9447B9572191DAC0000DAA1C /* Release */,
			);
			defaultConfigurationIsVisible = 0;
			defaultConfigurationName = Release;
		};
		9447B9582191DAC0000DAA1C /* Build configuration list for PBXNativeTarget "bumpyTests" */ = {
			isa = XCConfigurationList;
			buildConfigurations = (
				9447B9592191DAC0000DAA1C /* Debug */,
				9447B95A2191DAC0000DAA1C /* Release */,
			);
			defaultConfigurationIsVisible = 0;
			defaultConfigurationName = Release;
		};
/* End XCConfigurationList section */

/* Begin XCVersionGroup section */
		9447B93F2191DABD000DAA1C /* bumpy.xcdatamodeld */ = {
			isa = XCVersionGroup;
			children = (
				9447B9402191DABD000DAA1C /* bumpy.xcdatamodel */,
			);
			currentVersion = 9447B9402191DABD000DAA1C /* bumpy.xcdatamodel */;
			path = bumpy.xcdatamodeld;
			sourceTree = "<group>";
			versionGroupType = wrapper.xcdatamodel;
		};
/* End XCVersionGroup section */
	};
	rootObject = 9447B92D2191DABD000DAA1C /* Project object */;
}
